
Microsoft Visual Studio Solution File, Format Version 12.00
# Visual Studio Version 17
VisualStudioVersion = 17.5.33424.131
MinimumVisualStudioVersion = 10.0.40219.1
Project("{FAE04EC0-301F-11D3-BF4B-00C04F79EFBC}") = "IF-ELSE-Yapisi", "IF-ELSE-Yapisi\IF-ELSE-Yapisi.csproj", "{F75AC85E-9B3D-49AC-B9B1-0FF617EB8107}"
EndProject
Global
	GlobalSection(SolutionConfigurationPlatforms) = preSolution
		Debug|Any CPU = Debug|Any CPU
		Release|Any CPU = Release|Any CPU
	EndGlobalSection
	GlobalSection(ProjectConfigurationPlatforms) = postSolution
		{F75AC85E-9B3D-49AC-B9B1-0FF617EB8107}.Debug|Any CPU.ActiveCfg = Debug|Any CPU
		{F75AC85E-9B3D-49AC-B9B1-0FF617EB8107}.Debug|Any CPU.Build.0 = Debug|Any CPU
		{F75AC85E-9B3D-49AC-B9B1-0FF617EB8107}.Release|Any CPU.ActiveCfg = Release|Any CPU
		{F75AC85E-9B3D-49AC-B9B1-0FF617EB8107}.Release|Any CPU.Build.0 = Release|Any CPU
	EndGlobalSection
	GlobalSection(SolutionProperties) = preSolution
		HideSolutionNode = FALSE
	EndGlobalSection
	GlobalSection(ExtensibilityGlobals) = postSolution
		SolutionGuid = {14F100AE-5337-4CDB-AC50-6C10B16194B8}
	EndGlobalSection
EndGlobal
