
Microsoft Visual Studio Solution File, Format Version 12.00
# Visual Studio Version 17
VisualStudioVersion = 17.5.33424.131
MinimumVisualStudioVersion = 10.0.40219.1
Project("{FAE04EC0-301F-11D3-BF4B-00C04F79EFBC}") = "Methods", "Methods\Methods.csproj", "{56905353-06C6-45D9-B5B0-C89DA2FEC751}"
EndProject
Global
	GlobalSection(SolutionConfigurationPlatforms) = preSolution
		Debug|Any CPU = Debug|Any CPU
		Release|Any CPU = Release|Any CPU
	EndGlobalSection
	GlobalSection(ProjectConfigurationPlatforms) = postSolution
		{56905353-06C6-45D9-B5B0-C89DA2FEC751}.Debug|Any CPU.ActiveCfg = Debug|Any CPU
		{56905353-06C6-45D9-B5B0-C89DA2FEC751}.Debug|Any CPU.Build.0 = Debug|Any CPU
		{56905353-06C6-45D9-B5B0-C89DA2FEC751}.Release|Any CPU.ActiveCfg = Release|Any CPU
		{56905353-06C6-45D9-B5B0-C89DA2FEC751}.Release|Any CPU.Build.0 = Release|Any CPU
	EndGlobalSection
	GlobalSection(SolutionProperties) = preSolution
		HideSolutionNode = FALSE
	EndGlobalSection
	GlobalSection(ExtensibilityGlobals) = postSolution
		SolutionGuid = {6983E2DB-C734-43AC-AFE7-3D088037A9E4}
	EndGlobalSection
EndGlobal
